
Microsoft Visual Studio Solution File, Format Version 12.00
# Visual Studio Version 17
VisualStudioVersion = 17.14.36401.2
MinimumVisualStudioVersion = 10.0.40219.1
Project("{FAE04EC0-301F-11D3-BF4B-00C04F79EFBC}") = "SchoolProject.API", "SchoolProject.API\SchoolProject.API.csproj", "{9D89EA42-BA1E-447C-99C1-E5D738EBF585}"
EndProject
Project("{FAE04EC0-301F-11D3-BF4B-00C04F79EFBC}") = "SchoolProject.Data", "SchoolProject.Data\SchoolProject.Data.csproj", "{C3921EC9-54C4-4F82-B345-EF91B3036D96}"
EndProject
Project("{FAE04EC0-301F-11D3-BF4B-00C04F79EFBC}") = "SchoolProject.Infrustructure", "SchoolProject.Infrustructure\SchoolProject.Infrustructure.csproj", "{498C1E45-B73B-49C7-86F6-BC6E6B57DDEE}"
EndProject
Project("{FAE04EC0-301F-11D3-BF4B-00C04F79EFBC}") = "SchoolProject.Service", "SchoolProject.Service\SchoolProject.Service.csproj", "{02F89A69-C9B4-4942-BEE0-9B208A4E04C7}"
EndProject
Project("{FAE04EC0-301F-11D3-BF4B-00C04F79EFBC}") = "SchoolProject.Core", "SchoolProject.Core\SchoolProject.Core.csproj", "{A350397B-F088-474F-938C-D01DEB974E53}"
EndProject
Global
	GlobalSection(SolutionConfigurationPlatforms) = preSolution
		Debug|Any CPU = Debug|Any CPU
		Release|Any CPU = Release|Any CPU
	EndGlobalSection
	GlobalSection(ProjectConfigurationPlatforms) = postSolution
		{9D89EA42-BA1E-447C-99C1-E5D738EBF585}.Debug|Any CPU.ActiveCfg = Debug|Any CPU
		{9D89EA42-BA1E-447C-99C1-E5D738EBF585}.Debug|Any CPU.Build.0 = Debug|Any CPU
		{9D89EA42-BA1E-447C-99C1-E5D738EBF585}.Release|Any CPU.ActiveCfg = Release|Any CPU
		{9D89EA42-BA1E-447C-99C1-E5D738EBF585}.Release|Any CPU.Build.0 = Release|Any CPU
		{C3921EC9-54C4-4F82-B345-EF91B3036D96}.Debug|Any CPU.ActiveCfg = Debug|Any CPU
		{C3921EC9-54C4-4F82-B345-EF91B3036D96}.Debug|Any CPU.Build.0 = Debug|Any CPU
		{C3921EC9-54C4-4F82-B345-EF91B3036D96}.Release|Any CPU.ActiveCfg = Release|Any CPU
		{C3921EC9-54C4-4F82-B345-EF91B3036D96}.Release|Any CPU.Build.0 = Release|Any CPU
		{498C1E45-B73B-49C7-86F6-BC6E6B57DDEE}.Debug|Any CPU.ActiveCfg = Debug|Any CPU
		{498C1E45-B73B-49C7-86F6-BC6E6B57DDEE}.Debug|Any CPU.Build.0 = Debug|Any CPU
		{498C1E45-B73B-49C7-86F6-BC6E6B57DDEE}.Release|Any CPU.ActiveCfg = Release|Any CPU
		{498C1E45-B73B-49C7-86F6-BC6E6B57DDEE}.Release|Any CPU.Build.0 = Release|Any CPU
		{02F89A69-C9B4-4942-BEE0-9B208A4E04C7}.Debug|Any CPU.ActiveCfg = Debug|Any CPU
		{02F89A69-C9B4-4942-BEE0-9B208A4E04C7}.Debug|Any CPU.Build.0 = Debug|Any CPU
		{02F89A69-C9B4-4942-BEE0-9B208A4E04C7}.Release|Any CPU.ActiveCfg = Release|Any CPU
		{02F89A69-C9B4-4942-BEE0-9B208A4E04C7}.Release|Any CPU.Build.0 = Release|Any CPU
		{A350397B-F088-474F-938C-D01DEB974E53}.Debug|Any CPU.ActiveCfg = Debug|Any CPU
		{A350397B-F088-474F-938C-D01DEB974E53}.Debug|Any CPU.Build.0 = Debug|Any CPU
		{A350397B-F088-474F-938C-D01DEB974E53}.Release|Any CPU.ActiveCfg = Release|Any CPU
		{A350397B-F088-474F-938C-D01DEB974E53}.Release|Any CPU.Build.0 = Release|Any CPU
	EndGlobalSection
	GlobalSection(SolutionProperties) = preSolution
		HideSolutionNode = FALSE
	EndGlobalSection
	GlobalSection(ExtensibilityGlobals) = postSolution
		SolutionGuid = {0C591468-4764-46C5-A783-D994DD2E266C}
	EndGlobalSection
EndGlobal
